
Microsoft Visual Studio Solution File, Format Version 12.00
# Visual Studio Version 17
VisualStudioVersion = 17.6.33829.357
MinimumVisualStudioVersion = 10.0.40219.1
Project("{FAE04EC0-301F-11D3-BF4B-00C04F79EFBC}") = "DiceRollGame2", "DiceRollGame2.csproj", "{C49C0D67-2A40-4588-BA39-ADE542312D5E}"
EndProject
Global
	GlobalSection(SolutionConfigurationPlatforms) = preSolution
		Debug|Any CPU = Debug|Any CPU
		Release|Any CPU = Release|Any CPU
	EndGlobalSection
	GlobalSection(ProjectConfigurationPlatforms) = postSolution
		{C49C0D67-2A40-4588-BA39-ADE542312D5E}.Debug|Any CPU.ActiveCfg = Debug|Any CPU
		{C49C0D67-2A40-4588-BA39-ADE542312D5E}.Debug|Any CPU.Build.0 = Debug|Any CPU
		{C49C0D67-2A40-4588-BA39-ADE542312D5E}.Release|Any CPU.ActiveCfg = Release|Any CPU
		{C49C0D67-2A40-4588-BA39-ADE542312D5E}.Release|Any CPU.Build.0 = Release|Any CPU
	EndGlobalSection
	GlobalSection(SolutionProperties) = preSolution
		HideSolutionNode = FALSE
	EndGlobalSection
	GlobalSection(ExtensibilityGlobals) = postSolution
		SolutionGuid = {98AE2347-58D6-48C1-9E5F-F9F4296CE437}
	EndGlobalSection
EndGlobal
